
Microsoft Visual Studio Solution File, Format Version 12.00
# Visual Studio Version 17
VisualStudioVersion = 17.9.34723.18
MinimumVisualStudioVersion = 10.0.40219.1
Project("{FAE04EC0-301F-11D3-BF4B-00C04F79EFBC}") = "webAPI", "webAPI.csproj", "{5E46376A-7B00-4602-8DD0-AE9652F8BEE6}"
EndProject
Global
	GlobalSection(SolutionConfigurationPlatforms) = preSolution
		Debug|Any CPU = Debug|Any CPU
		Release|Any CPU = Release|Any CPU
	EndGlobalSection
	GlobalSection(ProjectConfigurationPlatforms) = postSolution
		{5E46376A-7B00-4602-8DD0-AE9652F8BEE6}.Debug|Any CPU.ActiveCfg = Debug|Any CPU
		{5E46376A-7B00-4602-8DD0-AE9652F8BEE6}.Debug|Any CPU.Build.0 = Debug|Any CPU
		{5E46376A-7B00-4602-8DD0-AE9652F8BEE6}.Release|Any CPU.ActiveCfg = Release|Any CPU
		{5E46376A-7B00-4602-8DD0-AE9652F8BEE6}.Release|Any CPU.Build.0 = Release|Any CPU
	EndGlobalSection
	GlobalSection(SolutionProperties) = preSolution
		HideSolutionNode = FALSE
	EndGlobalSection
	GlobalSection(ExtensibilityGlobals) = postSolution
		SolutionGuid = {5DC1E99C-FC43-4C66-BB60-1A3F265867D2}
	EndGlobalSection
EndGlobal
